
Microsoft Visual Studio Solution File, Format Version 12.00
# Visual Studio Version 17
VisualStudioVersion = 17.13.35828.75 d17.13
MinimumVisualStudioVersion = 10.0.40219.1
Project("{FAE04EC0-301F-11D3-BF4B-00C04F79EFBC}") = "Dorking King", "Dorking King.csproj", "{4DC0E516-5BB8-4DD1-AE4C-34A3C0E1A2BB}"
EndProject
Global
	GlobalSection(SolutionConfigurationPlatforms) = preSolution
		Debug|Any CPU = Debug|Any CPU
		Release|Any CPU = Release|Any CPU
	EndGlobalSection
	GlobalSection(ProjectConfigurationPlatforms) = postSolution
		{4DC0E516-5BB8-4DD1-AE4C-34A3C0E1A2BB}.Debug|Any CPU.ActiveCfg = Debug|Any CPU
		{4DC0E516-5BB8-4DD1-AE4C-34A3C0E1A2BB}.Debug|Any CPU.Build.0 = Debug|Any CPU
		{4DC0E516-5BB8-4DD1-AE4C-34A3C0E1A2BB}.Release|Any CPU.ActiveCfg = Release|Any CPU
		{4DC0E516-5BB8-4DD1-AE4C-34A3C0E1A2BB}.Release|Any CPU.Build.0 = Release|Any CPU
	EndGlobalSection
	GlobalSection(SolutionProperties) = preSolution
		HideSolutionNode = FALSE
	EndGlobalSection
	GlobalSection(ExtensibilityGlobals) = postSolution
		SolutionGuid = {9CBBCABF-B3E8-4E23-B2FD-06EECDA088BC}
	EndGlobalSection
EndGlobal
